
Microsoft Visual Studio Solution File, Format Version 12.00
# Visual Studio Version 17
VisualStudioVersion = 17.8.34330.188
MinimumVisualStudioVersion = 10.0.40219.1
Project("{FAE04EC0-301F-11D3-BF4B-00C04F79EFBC}") = "KTPMUD", "KTPMUD\KTPMUD.csproj", "{C29DD4DD-D1B9-4784-81B7-9655E20E5CCF}"
EndProject
Global
	GlobalSection(SolutionConfigurationPlatforms) = preSolution
		Debug|Any CPU = Debug|Any CPU
		Release|Any CPU = Release|Any CPU
	EndGlobalSection
	GlobalSection(ProjectConfigurationPlatforms) = postSolution
		{C29DD4DD-D1B9-4784-81B7-9655E20E5CCF}.Debug|Any CPU.ActiveCfg = Debug|Any CPU
		{C29DD4DD-D1B9-4784-81B7-9655E20E5CCF}.Debug|Any CPU.Build.0 = Debug|Any CPU
		{C29DD4DD-D1B9-4784-81B7-9655E20E5CCF}.Release|Any CPU.ActiveCfg = Release|Any CPU
		{C29DD4DD-D1B9-4784-81B7-9655E20E5CCF}.Release|Any CPU.Build.0 = Release|Any CPU
	EndGlobalSection
	GlobalSection(SolutionProperties) = preSolution
		HideSolutionNode = FALSE
	EndGlobalSection
	GlobalSection(ExtensibilityGlobals) = postSolution
		SolutionGuid = {5F828B68-6080-4323-9D98-50F105013F71}
	EndGlobalSection
EndGlobal
